
Microsoft Visual Studio Solution File, Format Version 12.00
# Visual Studio Version 17
VisualStudioVersion = 17.0.31903.59
MinimumVisualStudioVersion = 10.0.40219.1
Project("{FAE04EC0-301F-11D3-BF4B-00C04F79EFBC}") = "Shared", "src\Shared\Shared.csproj", "{C9332B83-C049-4158-B6CA-21C2C4BC3CFB}"
EndProject
Project("{FAE04EC0-301F-11D3-BF4B-00C04F79EFBC}") = "Server", "src\Server\Server.csproj", "{CE0FADB5-9F0D-4EF2-BD81-338C79D86FE7}"
EndProject
Project("{FAE04EC0-301F-11D3-BF4B-00C04F79EFBC}") = "Client", "src\Client\Client.csproj", "{36B282F3-C3D1-43B9-BBE9-44507600E9AF}"
EndProject
Global
	GlobalSection(SolutionConfigurationPlatforms) = preSolution
		Debug|Any CPU = Debug|Any CPU
		Release|Any CPU = Release|Any CPU
	EndGlobalSection
	GlobalSection(SolutionProperties) = preSolution
		HideSolutionNode = FALSE
	EndGlobalSection
	GlobalSection(ProjectConfigurationPlatforms) = postSolution
		{C9332B83-C049-4158-B6CA-21C2C4BC3CFB}.Debug|Any CPU.ActiveCfg = Debug|Any CPU
		{C9332B83-C049-4158-B6CA-21C2C4BC3CFB}.Debug|Any CPU.Build.0 = Debug|Any CPU
		{C9332B83-C049-4158-B6CA-21C2C4BC3CFB}.Release|Any CPU.ActiveCfg = Release|Any CPU
		{C9332B83-C049-4158-B6CA-21C2C4BC3CFB}.Release|Any CPU.Build.0 = Release|Any CPU
		{CE0FADB5-9F0D-4EF2-BD81-338C79D86FE7}.Debug|Any CPU.ActiveCfg = Debug|Any CPU
		{CE0FADB5-9F0D-4EF2-BD81-338C79D86FE7}.Debug|Any CPU.Build.0 = Debug|Any CPU
		{CE0FADB5-9F0D-4EF2-BD81-338C79D86FE7}.Release|Any CPU.ActiveCfg = Release|Any CPU
		{CE0FADB5-9F0D-4EF2-BD81-338C79D86FE7}.Release|Any CPU.Build.0 = Release|Any CPU
		{36B282F3-C3D1-43B9-BBE9-44507600E9AF}.Debug|Any CPU.ActiveCfg = Debug|Any CPU
		{36B282F3-C3D1-43B9-BBE9-44507600E9AF}.Debug|Any CPU.Build.0 = Debug|Any CPU
		{36B282F3-C3D1-43B9-BBE9-44507600E9AF}.Release|Any CPU.ActiveCfg = Release|Any CPU
		{36B282F3-C3D1-43B9-BBE9-44507600E9AF}.Release|Any CPU.Build.0 = Release|Any CPU
	EndGlobalSection
EndGlobal
