
Microsoft Visual Studio Solution File, Format Version 12.00
# Visual Studio Version 17
VisualStudioVersion = 17.0.31903.59
MinimumVisualStudioVersion = 10.0.40219.1
Project("{2150E333-8FDC-42A3-9474-1A3956D46DE8}") = "src", "src", "{5E1EDA68-2A27-4439-B546-4AEDFF7E6776}"
EndProject
Project("{FAE04EC0-301F-11D3-BF4B-00C04F79EFBC}") = "Shared", "src\Shared\Shared.csproj", "{4ECD0EFD-2707-4D8D-BC6B-FCCF68CE33CD}"
EndProject
Project("{FAE04EC0-301F-11D3-BF4B-00C04F79EFBC}") = "Server", "src\Server\Server.csproj", "{B873D7A8-81D6-4A81-A88E-B2D41573842D}"
EndProject
Project("{FAE04EC0-301F-11D3-BF4B-00C04F79EFBC}") = "Client", "src\Client\Client.csproj", "{DE508496-5210-4458-B6FF-B4E8D865489B}"
EndProject
Project("{FAE04EC0-301F-11D3-BF4B-00C04F79EFBC}") = "Application", "src\Application\Application.csproj", "{EAD80FE6-00E5-4F80-970D-810B0AD4313A}"
EndProject
Project("{FAE04EC0-301F-11D3-BF4B-00C04F79EFBC}") = "Core", "src\Core\Core.csproj", "{3B09582A-F497-4F66-A13F-E0901F415C81}"
EndProject
Project("{FAE04EC0-301F-11D3-BF4B-00C04F79EFBC}") = "gRPC.Contracts", "src\gRPC.Contracts\gRPC.Contracts.csproj", "{CA0B12A9-5709-4CDB-B784-7DAD79B19FC6}"
EndProject
Project("{FAE04EC0-301F-11D3-BF4B-00C04F79EFBC}") = "Infrastructure", "src\Infrastructure\Infrastructure.csproj", "{FDFEA9A2-9F35-4D4B-9C92-9747F2077AE1}"
EndProject
Project("{FAE04EC0-301F-11D3-BF4B-00C04F79EFBC}") = "Presentation", "src\Presentation\Presentation.csproj", "{A3BD9888-8295-40D3-975C-CDF5E4DA4353}"
EndProject
Project("{FAE04EC0-301F-11D3-BF4B-00C04F79EFBC}") = "SharedKernel", "src\SharedKernel\SharedKernel.csproj", "{206F29C9-DBA9-4FD5-A725-D63F0E965B30}"
EndProject
Project("{2150E333-8FDC-42A3-9474-1A3956D46DE8}") = "test", "test", "{0114023F-5E0B-4F11-8E05-FEBC664EF354}"
EndProject
Project("{FAE04EC0-301F-11D3-BF4B-00C04F79EFBC}") = "UnitTest", "test\UnitTest\UnitTest.csproj", "{BE2588D0-F85E-4975-9EAD-DF0EA070D587}"
EndProject
Project("{FAE04EC0-301F-11D3-BF4B-00C04F79EFBC}") = "IntegrationTest", "test\IntegrationTest\IntegrationTest.csproj", "{3518FF0F-68CE-48BF-BE56-7F5620758E57}"
EndProject
Global
	GlobalSection(SolutionConfigurationPlatforms) = preSolution
		Debug|Any CPU = Debug|Any CPU
		Release|Any CPU = Release|Any CPU
	EndGlobalSection
	GlobalSection(SolutionProperties) = preSolution
		HideSolutionNode = FALSE
	EndGlobalSection
	GlobalSection(ProjectConfigurationPlatforms) = postSolution
		{4ECD0EFD-2707-4D8D-BC6B-FCCF68CE33CD}.Debug|Any CPU.ActiveCfg = Debug|Any CPU
		{4ECD0EFD-2707-4D8D-BC6B-FCCF68CE33CD}.Debug|Any CPU.Build.0 = Debug|Any CPU
		{4ECD0EFD-2707-4D8D-BC6B-FCCF68CE33CD}.Release|Any CPU.ActiveCfg = Release|Any CPU
		{4ECD0EFD-2707-4D8D-BC6B-FCCF68CE33CD}.Release|Any CPU.Build.0 = Release|Any CPU
		{B873D7A8-81D6-4A81-A88E-B2D41573842D}.Debug|Any CPU.ActiveCfg = Debug|Any CPU
		{B873D7A8-81D6-4A81-A88E-B2D41573842D}.Debug|Any CPU.Build.0 = Debug|Any CPU
		{B873D7A8-81D6-4A81-A88E-B2D41573842D}.Release|Any CPU.ActiveCfg = Release|Any CPU
		{B873D7A8-81D6-4A81-A88E-B2D41573842D}.Release|Any CPU.Build.0 = Release|Any CPU
		{DE508496-5210-4458-B6FF-B4E8D865489B}.Debug|Any CPU.ActiveCfg = Debug|Any CPU
		{DE508496-5210-4458-B6FF-B4E8D865489B}.Debug|Any CPU.Build.0 = Debug|Any CPU
		{DE508496-5210-4458-B6FF-B4E8D865489B}.Release|Any CPU.ActiveCfg = Release|Any CPU
		{DE508496-5210-4458-B6FF-B4E8D865489B}.Release|Any CPU.Build.0 = Release|Any CPU
		{EAD80FE6-00E5-4F80-970D-810B0AD4313A}.Debug|Any CPU.ActiveCfg = Debug|Any CPU
		{EAD80FE6-00E5-4F80-970D-810B0AD4313A}.Debug|Any CPU.Build.0 = Debug|Any CPU
		{EAD80FE6-00E5-4F80-970D-810B0AD4313A}.Release|Any CPU.ActiveCfg = Release|Any CPU
		{EAD80FE6-00E5-4F80-970D-810B0AD4313A}.Release|Any CPU.Build.0 = Release|Any CPU
		{3B09582A-F497-4F66-A13F-E0901F415C81}.Debug|Any CPU.ActiveCfg = Debug|Any CPU
		{3B09582A-F497-4F66-A13F-E0901F415C81}.Debug|Any CPU.Build.0 = Debug|Any CPU
		{3B09582A-F497-4F66-A13F-E0901F415C81}.Release|Any CPU.ActiveCfg = Release|Any CPU
		{3B09582A-F497-4F66-A13F-E0901F415C81}.Release|Any CPU.Build.0 = Release|Any CPU
		{CA0B12A9-5709-4CDB-B784-7DAD79B19FC6}.Debug|Any CPU.ActiveCfg = Debug|Any CPU
		{CA0B12A9-5709-4CDB-B784-7DAD79B19FC6}.Debug|Any CPU.Build.0 = Debug|Any CPU
		{CA0B12A9-5709-4CDB-B784-7DAD79B19FC6}.Release|Any CPU.ActiveCfg = Release|Any CPU
		{CA0B12A9-5709-4CDB-B784-7DAD79B19FC6}.Release|Any CPU.Build.0 = Release|Any CPU
		{FDFEA9A2-9F35-4D4B-9C92-9747F2077AE1}.Debug|Any CPU.ActiveCfg = Debug|Any CPU
		{FDFEA9A2-9F35-4D4B-9C92-9747F2077AE1}.Debug|Any CPU.Build.0 = Debug|Any CPU
		{FDFEA9A2-9F35-4D4B-9C92-9747F2077AE1}.Release|Any CPU.ActiveCfg = Release|Any CPU
		{FDFEA9A2-9F35-4D4B-9C92-9747F2077AE1}.Release|Any CPU.Build.0 = Release|Any CPU
		{A3BD9888-8295-40D3-975C-CDF5E4DA4353}.Debug|Any CPU.ActiveCfg = Debug|Any CPU
		{A3BD9888-8295-40D3-975C-CDF5E4DA4353}.Debug|Any CPU.Build.0 = Debug|Any CPU
		{A3BD9888-8295-40D3-975C-CDF5E4DA4353}.Release|Any CPU.ActiveCfg = Release|Any CPU
		{A3BD9888-8295-40D3-975C-CDF5E4DA4353}.Release|Any CPU.Build.0 = Release|Any CPU
		{206F29C9-DBA9-4FD5-A725-D63F0E965B30}.Debug|Any CPU.ActiveCfg = Debug|Any CPU
		{206F29C9-DBA9-4FD5-A725-D63F0E965B30}.Debug|Any CPU.Build.0 = Debug|Any CPU
		{206F29C9-DBA9-4FD5-A725-D63F0E965B30}.Release|Any CPU.ActiveCfg = Release|Any CPU
		{206F29C9-DBA9-4FD5-A725-D63F0E965B30}.Release|Any CPU.Build.0 = Release|Any CPU
		{BE2588D0-F85E-4975-9EAD-DF0EA070D587}.Debug|Any CPU.ActiveCfg = Debug|Any CPU
		{BE2588D0-F85E-4975-9EAD-DF0EA070D587}.Debug|Any CPU.Build.0 = Debug|Any CPU
		{BE2588D0-F85E-4975-9EAD-DF0EA070D587}.Release|Any CPU.ActiveCfg = Release|Any CPU
		{BE2588D0-F85E-4975-9EAD-DF0EA070D587}.Release|Any CPU.Build.0 = Release|Any CPU
		{3518FF0F-68CE-48BF-BE56-7F5620758E57}.Debug|Any CPU.ActiveCfg = Debug|Any CPU
		{3518FF0F-68CE-48BF-BE56-7F5620758E57}.Debug|Any CPU.Build.0 = Debug|Any CPU
		{3518FF0F-68CE-48BF-BE56-7F5620758E57}.Release|Any CPU.ActiveCfg = Release|Any CPU
		{3518FF0F-68CE-48BF-BE56-7F5620758E57}.Release|Any CPU.Build.0 = Release|Any CPU
	EndGlobalSection
	GlobalSection(NestedProjects) = preSolution
		{4ECD0EFD-2707-4D8D-BC6B-FCCF68CE33CD} = {5E1EDA68-2A27-4439-B546-4AEDFF7E6776}
		{B873D7A8-81D6-4A81-A88E-B2D41573842D} = {5E1EDA68-2A27-4439-B546-4AEDFF7E6776}
		{DE508496-5210-4458-B6FF-B4E8D865489B} = {5E1EDA68-2A27-4439-B546-4AEDFF7E6776}
		{EAD80FE6-00E5-4F80-970D-810B0AD4313A} = {5E1EDA68-2A27-4439-B546-4AEDFF7E6776}
		{3B09582A-F497-4F66-A13F-E0901F415C81} = {5E1EDA68-2A27-4439-B546-4AEDFF7E6776}
		{CA0B12A9-5709-4CDB-B784-7DAD79B19FC6} = {5E1EDA68-2A27-4439-B546-4AEDFF7E6776}
		{FDFEA9A2-9F35-4D4B-9C92-9747F2077AE1} = {5E1EDA68-2A27-4439-B546-4AEDFF7E6776}
		{A3BD9888-8295-40D3-975C-CDF5E4DA4353} = {5E1EDA68-2A27-4439-B546-4AEDFF7E6776}
		{206F29C9-DBA9-4FD5-A725-D63F0E965B30} = {5E1EDA68-2A27-4439-B546-4AEDFF7E6776}
		{BE2588D0-F85E-4975-9EAD-DF0EA070D587} = {0114023F-5E0B-4F11-8E05-FEBC664EF354}
		{3518FF0F-68CE-48BF-BE56-7F5620758E57} = {0114023F-5E0B-4F11-8E05-FEBC664EF354}
	EndGlobalSection
EndGlobal
