Microsoft Visual Studio Solution File, Format Version 12.00
# Visual Studio Version 16
VisualStudioVersion = 16.0.0.0
MinimumVisualStudioVersion = 16.0.0.0
Project("{9A19103F-16F7-4668-BE54-9A1E7A4F7556}") = "src.Server", "Server\src.Server.csproj", "{FBC88B29-1F31-477C-9D96-A965912646D8}"
EndProject
Project("{9A19103F-16F7-4668-BE54-9A1E7A4F7556}") = "src.Client", "Client\src.Client.csproj", "{E84B778B-D35A-4BD7-9450-895DBDCABA35}"
EndProject
Project("{9A19103F-16F7-4668-BE54-9A1E7A4F7556}") = "src.Shared", "Shared\src.Shared.csproj", "{151D939D-AF4B-44CB-A101-88C39E5E3801}"
EndProject
Global
	GlobalSection(SolutionConfigurationPlatforms) = preSolution
		Debug|Any CPU = Debug|Any CPU
		Debug|x64 = Debug|x64
		Debug|x86 = Debug|x86
		Release|Any CPU = Release|Any CPU
		Release|x64 = Release|x64
		Release|x86 = Release|x86
	EndGlobalSection
	GlobalSection(ProjectConfigurationPlatforms) = postSolution
		{E84B778B-D35A-4BD7-9450-895DBDCABA35}.Debug|Any CPU.ActiveCfg = Debug|Any CPU
		{E84B778B-D35A-4BD7-9450-895DBDCABA35}.Debug|Any CPU.Build.0 = Debug|Any CPU
		{E84B778B-D35A-4BD7-9450-895DBDCABA35}.Debug|x64.ActiveCfg = Debug|Any CPU
		{E84B778B-D35A-4BD7-9450-895DBDCABA35}.Debug|x64.Build.0 = Debug|Any CPU
		{E84B778B-D35A-4BD7-9450-895DBDCABA35}.Debug|x86.ActiveCfg = Debug|Any CPU
		{E84B778B-D35A-4BD7-9450-895DBDCABA35}.Debug|x86.Build.0 = Debug|Any CPU
		{E84B778B-D35A-4BD7-9450-895DBDCABA35}.Release|Any CPU.ActiveCfg = Release|Any CPU
		{E84B778B-D35A-4BD7-9450-895DBDCABA35}.Release|Any CPU.Build.0 = Release|Any CPU
		{E84B778B-D35A-4BD7-9450-895DBDCABA35}.Release|x64.ActiveCfg = Release|Any CPU
		{E84B778B-D35A-4BD7-9450-895DBDCABA35}.Release|x64.Build.0 = Release|Any CPU
		{E84B778B-D35A-4BD7-9450-895DBDCABA35}.Release|x86.ActiveCfg = Release|Any CPU
		{E84B778B-D35A-4BD7-9450-895DBDCABA35}.Release|x86.Build.0 = Release|Any CPU
		{FBC88B29-1F31-477C-9D96-A965912646D8}.Debug|Any CPU.ActiveCfg = Debug|Any CPU
		{FBC88B29-1F31-477C-9D96-A965912646D8}.Debug|Any CPU.Build.0 = Debug|Any CPU
		{FBC88B29-1F31-477C-9D96-A965912646D8}.Debug|x64.ActiveCfg = Debug|Any CPU
		{FBC88B29-1F31-477C-9D96-A965912646D8}.Debug|x64.Build.0 = Debug|Any CPU
		{FBC88B29-1F31-477C-9D96-A965912646D8}.Debug|x86.ActiveCfg = Debug|Any CPU
		{FBC88B29-1F31-477C-9D96-A965912646D8}.Debug|x86.Build.0 = Debug|Any CPU
		{FBC88B29-1F31-477C-9D96-A965912646D8}.Release|Any CPU.ActiveCfg = Release|Any CPU
		{FBC88B29-1F31-477C-9D96-A965912646D8}.Release|Any CPU.Build.0 = Release|Any CPU
		{FBC88B29-1F31-477C-9D96-A965912646D8}.Release|x64.ActiveCfg = Release|Any CPU
		{FBC88B29-1F31-477C-9D96-A965912646D8}.Release|x64.Build.0 = Release|Any CPU
		{FBC88B29-1F31-477C-9D96-A965912646D8}.Release|x86.ActiveCfg = Release|Any CPU
		{FBC88B29-1F31-477C-9D96-A965912646D8}.Release|x86.Build.0 = Release|Any CPU
		{151D939D-AF4B-44CB-A101-88C39E5E3801}.Debug|Any CPU.ActiveCfg = Debug|Any CPU
		{151D939D-AF4B-44CB-A101-88C39E5E3801}.Debug|Any CPU.Build.0 = Debug|Any CPU
		{151D939D-AF4B-44CB-A101-88C39E5E3801}.Debug|x64.ActiveCfg = Debug|Any CPU
		{151D939D-AF4B-44CB-A101-88C39E5E3801}.Debug|x64.Build.0 = Debug|Any CPU
		{151D939D-AF4B-44CB-A101-88C39E5E3801}.Debug|x86.ActiveCfg = Debug|Any CPU
		{151D939D-AF4B-44CB-A101-88C39E5E3801}.Debug|x86.Build.0 = Debug|Any CPU
		{151D939D-AF4B-44CB-A101-88C39E5E3801}.Release|Any CPU.ActiveCfg = Release|Any CPU
		{151D939D-AF4B-44CB-A101-88C39E5E3801}.Release|Any CPU.Build.0 = Release|Any CPU
		{151D939D-AF4B-44CB-A101-88C39E5E3801}.Release|x64.ActiveCfg = Release|Any CPU
		{151D939D-AF4B-44CB-A101-88C39E5E3801}.Release|x64.Build.0 = Release|Any CPU
		{151D939D-AF4B-44CB-A101-88C39E5E3801}.Release|x86.ActiveCfg = Release|Any CPU
		{151D939D-AF4B-44CB-A101-88C39E5E3801}.Release|x86.Build.0 = Release|Any CPU
	EndGlobalSection
	GlobalSection(SolutionProperties) = preSolution
		HideSolutionNode = FALSE
	EndGlobalSection
	GlobalSection(ExtensibilityGlobals) = postSolution
		SolutionGuid = {C645E0A6-CB16-4F6C-AE3E-2BE32690C173}
	EndGlobalSection
EndGlobal